
Microsoft Visual Studio Solution File, Format Version 12.00
# Visual Studio Version 17
VisualStudioVersion = 17.1.32210.238
MinimumVisualStudioVersion = 10.0.40219.1
Project("{9A19103F-16F7-4668-BE54-9A1E7A4F7556}") = "Practice", "Practice\Practice.csproj", "{8896E1DD-6D8D-4137-A8BC-4088B02DD7F5}"
EndProject
Project("{9A19103F-16F7-4668-BE54-9A1E7A4F7556}") = "Services", "Services\Services.csproj", "{DB9AAD1D-2B3C-497B-806E-1653A703E573}"
EndProject
Project("{FAE04EC0-301F-11D3-BF4B-00C04F79EFBC}") = "DataContext", "DataContext\DataContext.csproj", "{1F7A3FD1-8AE4-4CF7-BF55-E361F2B29200}"
EndProject
Project("{FAE04EC0-301F-11D3-BF4B-00C04F79EFBC}") = "Models", "Models\Models.csproj", "{16E4B9CB-B217-44D6-928A-4A3E3876D07B}"
EndProject
Global
	GlobalSection(SolutionConfigurationPlatforms) = preSolution
		Debug|Any CPU = Debug|Any CPU
		Debug|x64 = Debug|x64
		Release|Any CPU = Release|Any CPU
		Release|x64 = Release|x64
	EndGlobalSection
	GlobalSection(ProjectConfigurationPlatforms) = postSolution
		{8896E1DD-6D8D-4137-A8BC-4088B02DD7F5}.Debug|Any CPU.ActiveCfg = Debug|Any CPU
		{8896E1DD-6D8D-4137-A8BC-4088B02DD7F5}.Debug|Any CPU.Build.0 = Debug|Any CPU
		{8896E1DD-6D8D-4137-A8BC-4088B02DD7F5}.Debug|x64.ActiveCfg = Debug|x64
		{8896E1DD-6D8D-4137-A8BC-4088B02DD7F5}.Debug|x64.Build.0 = Debug|x64
		{8896E1DD-6D8D-4137-A8BC-4088B02DD7F5}.Release|Any CPU.ActiveCfg = Release|Any CPU
		{8896E1DD-6D8D-4137-A8BC-4088B02DD7F5}.Release|Any CPU.Build.0 = Release|Any CPU
		{8896E1DD-6D8D-4137-A8BC-4088B02DD7F5}.Release|x64.ActiveCfg = Release|x64
		{8896E1DD-6D8D-4137-A8BC-4088B02DD7F5}.Release|x64.Build.0 = Release|x64
		{DB9AAD1D-2B3C-497B-806E-1653A703E573}.Debug|Any CPU.ActiveCfg = Debug|Any CPU
		{DB9AAD1D-2B3C-497B-806E-1653A703E573}.Debug|Any CPU.Build.0 = Debug|Any CPU
		{DB9AAD1D-2B3C-497B-806E-1653A703E573}.Debug|x64.ActiveCfg = Debug|Any CPU
		{DB9AAD1D-2B3C-497B-806E-1653A703E573}.Debug|x64.Build.0 = Debug|Any CPU
		{DB9AAD1D-2B3C-497B-806E-1653A703E573}.Release|Any CPU.ActiveCfg = Release|Any CPU
		{DB9AAD1D-2B3C-497B-806E-1653A703E573}.Release|Any CPU.Build.0 = Release|Any CPU
		{DB9AAD1D-2B3C-497B-806E-1653A703E573}.Release|x64.ActiveCfg = Release|Any CPU
		{DB9AAD1D-2B3C-497B-806E-1653A703E573}.Release|x64.Build.0 = Release|Any CPU
		{1F7A3FD1-8AE4-4CF7-BF55-E361F2B29200}.Debug|Any CPU.ActiveCfg = Debug|Any CPU
		{1F7A3FD1-8AE4-4CF7-BF55-E361F2B29200}.Debug|Any CPU.Build.0 = Debug|Any CPU
		{1F7A3FD1-8AE4-4CF7-BF55-E361F2B29200}.Debug|x64.ActiveCfg = Debug|Any CPU
		{1F7A3FD1-8AE4-4CF7-BF55-E361F2B29200}.Debug|x64.Build.0 = Debug|Any CPU
		{1F7A3FD1-8AE4-4CF7-BF55-E361F2B29200}.Release|Any CPU.ActiveCfg = Release|Any CPU
		{1F7A3FD1-8AE4-4CF7-BF55-E361F2B29200}.Release|Any CPU.Build.0 = Release|Any CPU
		{1F7A3FD1-8AE4-4CF7-BF55-E361F2B29200}.Release|x64.ActiveCfg = Release|Any CPU
		{1F7A3FD1-8AE4-4CF7-BF55-E361F2B29200}.Release|x64.Build.0 = Release|Any CPU
		{16E4B9CB-B217-44D6-928A-4A3E3876D07B}.Debug|Any CPU.ActiveCfg = Debug|Any CPU
		{16E4B9CB-B217-44D6-928A-4A3E3876D07B}.Debug|Any CPU.Build.0 = Debug|Any CPU
		{16E4B9CB-B217-44D6-928A-4A3E3876D07B}.Debug|x64.ActiveCfg = Debug|Any CPU
		{16E4B9CB-B217-44D6-928A-4A3E3876D07B}.Debug|x64.Build.0 = Debug|Any CPU
		{16E4B9CB-B217-44D6-928A-4A3E3876D07B}.Release|Any CPU.ActiveCfg = Release|Any CPU
		{16E4B9CB-B217-44D6-928A-4A3E3876D07B}.Release|Any CPU.Build.0 = Release|Any CPU
		{16E4B9CB-B217-44D6-928A-4A3E3876D07B}.Release|x64.ActiveCfg = Release|Any CPU
		{16E4B9CB-B217-44D6-928A-4A3E3876D07B}.Release|x64.Build.0 = Release|Any CPU
	EndGlobalSection
	GlobalSection(SolutionProperties) = preSolution
		HideSolutionNode = FALSE
	EndGlobalSection
	GlobalSection(ExtensibilityGlobals) = postSolution
		SolutionGuid = {0986ABD5-E7BF-47D3-AB50-CAE1088C67E3}
	EndGlobalSection
EndGlobal
